
Microsoft Visual Studio Solution File, Format Version 12.00
Project("{FAE04EC0-301F-11D3-BF4B-00C04F79EFBC}") = "TsadriuUtilities.DateTime", "TsadriuUtilities.DateTime\TsadriuUtilities.DateTime.csproj", "{3FC4E734-FDF0-4D5A-9667-97BFE705F226}"
EndProject
Project("{FAE04EC0-301F-11D3-BF4B-00C04F79EFBC}") = "Test", "Test\Test.csproj", "{10BAF615-0D69-4844-8A54-AC93DCA05967}"
EndProject
Global
	GlobalSection(SolutionConfigurationPlatforms) = preSolution
		Debug|Any CPU = Debug|Any CPU
		Release|Any CPU = Release|Any CPU
	EndGlobalSection
	GlobalSection(ProjectConfigurationPlatforms) = postSolution
		{3FC4E734-FDF0-4D5A-9667-97BFE705F226}.Debug|Any CPU.ActiveCfg = Debug|Any CPU
		{3FC4E734-FDF0-4D5A-9667-97BFE705F226}.Debug|Any CPU.Build.0 = Debug|Any CPU
		{3FC4E734-FDF0-4D5A-9667-97BFE705F226}.Release|Any CPU.ActiveCfg = Release|Any CPU
		{3FC4E734-FDF0-4D5A-9667-97BFE705F226}.Release|Any CPU.Build.0 = Release|Any CPU
		{10BAF615-0D69-4844-8A54-AC93DCA05967}.Debug|Any CPU.ActiveCfg = Debug|Any CPU
		{10BAF615-0D69-4844-8A54-AC93DCA05967}.Debug|Any CPU.Build.0 = Debug|Any CPU
		{10BAF615-0D69-4844-8A54-AC93DCA05967}.Release|Any CPU.ActiveCfg = Release|Any CPU
		{10BAF615-0D69-4844-8A54-AC93DCA05967}.Release|Any CPU.Build.0 = Release|Any CPU
	EndGlobalSection
EndGlobal
